
Microsoft Visual Studio Solution File, Format Version 12.00
# Visual Studio 15
VisualStudioVersion = 15.0.28307.489
MinimumVisualStudioVersion = 10.0.40219.1
Project("{FAE04EC0-301F-11D3-BF4B-00C04F79EFBC}") = "HackerRank", "HackerRank\HackerRank.csproj", "{647F5EA5-AE51-4D03-8797-3D80F5B1F5B2}"
EndProject
Global
	GlobalSection(SolutionConfigurationPlatforms) = preSolution
		Debug|Any CPU = Debug|Any CPU
		Release|Any CPU = Release|Any CPU
	EndGlobalSection
	GlobalSection(ProjectConfigurationPlatforms) = postSolution
		{647F5EA5-AE51-4D03-8797-3D80F5B1F5B2}.Debug|Any CPU.ActiveCfg = Debug|Any CPU
		{647F5EA5-AE51-4D03-8797-3D80F5B1F5B2}.Debug|Any CPU.Build.0 = Debug|Any CPU
		{647F5EA5-AE51-4D03-8797-3D80F5B1F5B2}.Release|Any CPU.ActiveCfg = Release|Any CPU
		{647F5EA5-AE51-4D03-8797-3D80F5B1F5B2}.Release|Any CPU.Build.0 = Release|Any CPU
	EndGlobalSection
	GlobalSection(SolutionProperties) = preSolution
		HideSolutionNode = FALSE
	EndGlobalSection
	GlobalSection(ExtensibilityGlobals) = postSolution
		SolutionGuid = {A492C417-CE36-4DE5-941E-343309874856}
	EndGlobalSection
EndGlobal
